// !$*UTF8*$!
{
	archiveVersion = 1;
	classes = {
	};
	objectVersion = 46;
	objects = {

/* Begin PBXBuildFile section */
		00488C1B198A910F008607FC /* TTTiOSSpecs.h in Headers */ = {isa = PBXBuildFile; fileRef = 00488C1A198A910F008607FC /* TTTiOSSpecs.h */; settings = {ATTRIBUTES = (Public, ); }; };
		00488C21198A910F008607FC /* TTTiOSSpecs.framework in Frameworks */ = {isa = PBXBuildFile; fileRef = 00488C15198A910F008607FC /* TTTiOSSpecs.framework */; };
		00488C40198A9132008607FC /* Swiftest.framework in Frameworks */ = {isa = PBXBuildFile; fileRef = 00488C3F198A9132008607FC /* Swiftest.framework */; };
		00488C44198A9132008607FC /* main.swift in Sources */ = {isa = PBXBuildFile; fileRef = 00488C43198A9132008607FC /* main.swift */; };
		00488C49198A9148008607FC /* MenuSpec.swift in Sources */ = {isa = PBXBuildFile; fileRef = 00488C48198A9148008607FC /* MenuSpec.swift */; };
		00488C4B198A9188008607FC /* Menu.swift in Sources */ = {isa = PBXBuildFile; fileRef = 00488C4A198A9188008607FC /* Menu.swift */; };
/* End PBXBuildFile section */

/* Begin PBXContainerItemProxy section */
		00488C22198A910F008607FC /* PBXContainerItemProxy */ = {
			isa = PBXContainerItemProxy;
			containerPortal = 00488C0C198A910F008607FC /* Project object */;
			proxyType = 1;
			remoteGlobalIDString = 00488C14198A910F008607FC;
			remoteInfo = TTTiOSSpecs;
		};
		00488C36198A9126008607FC /* PBXContainerItemProxy */ = {
			isa = PBXContainerItemProxy;
			containerPortal = 00488C31198A9126008607FC /* Swiftest.xcodeproj */;
			proxyType = 2;
			remoteGlobalIDString = 953F36F819758D1700718CF1;
			remoteInfo = Swiftest;
		};
		00488C38198A9126008607FC /* PBXContainerItemProxy */ = {
			isa = PBXContainerItemProxy;
			containerPortal = 00488C31198A9126008607FC /* Swiftest.xcodeproj */;
			proxyType = 2;
			remoteGlobalIDString = 956FD60619820D5700699AD8;
			remoteInfo = SwiftestSpecs;
		};
/* End PBXContainerItemProxy section */

/* Begin PBXFileReference section */
		00488C15198A910F008607FC /* TTTiOSSpecs.framework */ = {isa = PBXFileReference; explicitFileType = wrapper.framework; includeInIndex = 0; path = TTTiOSSpecs.framework; sourceTree = BUILT_PRODUCTS_DIR; };
		00488C19198A910F008607FC /* Info.plist */ = {isa = PBXFileReference; lastKnownFileType = text.plist.xml; path = Info.plist; sourceTree = "<group>"; };
		00488C1A198A910F008607FC /* TTTiOSSpecs.h */ = {isa = PBXFileReference; lastKnownFileType = sourcecode.c.h; path = TTTiOSSpecs.h; sourceTree = "<group>"; };
		00488C20198A910F008607FC /* TTTiOSSpecsTests.xctest */ = {isa = PBXFileReference; explicitFileType = wrapper.cfbundle; includeInIndex = 0; path = TTTiOSSpecsTests.xctest; sourceTree = BUILT_PRODUCTS_DIR; };
		00488C31198A9126008607FC /* Swiftest.xcodeproj */ = {isa = PBXFileReference; lastKnownFileType = "wrapper.pb-project"; name = Swiftest.xcodeproj; path = Swiftest/src/Swiftest/Swiftest.xcodeproj; sourceTree = "<group>"; };
		00488C3D198A9132008607FC /* Specs */ = {isa = PBXFileReference; explicitFileType = "compiled.mach-o.executable"; includeInIndex = 0; path = Specs; sourceTree = BUILT_PRODUCTS_DIR; };
		00488C3F198A9132008607FC /* Swiftest.framework */ = {isa = PBXFileReference; lastKnownFileType = wrapper.framework; name = Swiftest.framework; path = Library/Frameworks/Swiftest.framework; sourceTree = DEVELOPER_DIR; };
		00488C43198A9132008607FC /* main.swift */ = {isa = PBXFileReference; lastKnownFileType = sourcecode.swift; path = main.swift; sourceTree = "<group>"; };
		00488C48198A9148008607FC /* MenuSpec.swift */ = {isa = PBXFileReference; fileEncoding = 4; lastKnownFileType = sourcecode.swift; path = MenuSpec.swift; sourceTree = "<group>"; };
		00488C4A198A9188008607FC /* Menu.swift */ = {isa = PBXFileReference; fileEncoding = 4; lastKnownFileType = sourcecode.swift; path = Menu.swift; sourceTree = "<group>"; };
/* End PBXFileReference section */

/* Begin PBXFrameworksBuildPhase section */
		00488C11198A910F008607FC /* Frameworks */ = {
			isa = PBXFrameworksBuildPhase;
			buildActionMask = 2147483647;
			files = (
			);
			runOnlyForDeploymentPostprocessing = 0;
		};
		00488C1D198A910F008607FC /* Frameworks */ = {
			isa = PBXFrameworksBuildPhase;
			buildActionMask = 2147483647;
			files = (
				00488C21198A910F008607FC /* TTTiOSSpecs.framework in Frameworks */,
			);
			runOnlyForDeploymentPostprocessing = 0;
		};
		00488C3B198A9132008607FC /* Frameworks */ = {
			isa = PBXFrameworksBuildPhase;
			buildActionMask = 2147483647;
			files = (
				00488C40198A9132008607FC /* Swiftest.framework in Frameworks */,
			);
			runOnlyForDeploymentPostprocessing = 0;
		};
/* End PBXFrameworksBuildPhase section */

/* Begin PBXGroup section */
		00488C0B198A910F008607FC = {
			isa = PBXGroup;
			children = (
				00488C31198A9126008607FC /* Swiftest.xcodeproj */,
				00488C17198A910F008607FC /* TTTiOSSpecs */,
				00488C41198A9132008607FC /* Specs */,
				00488C3E198A9132008607FC /* Frameworks */,
				00488C16198A910F008607FC /* Products */,
			);
			sourceTree = "<group>";
		};
		00488C16198A910F008607FC /* Products */ = {
			isa = PBXGroup;
			children = (
				00488C15198A910F008607FC /* TTTiOSSpecs.framework */,
				00488C20198A910F008607FC /* TTTiOSSpecsTests.xctest */,
				00488C3D198A9132008607FC /* Specs */,
			);
			name = Products;
			sourceTree = "<group>";
		};
		00488C17198A910F008607FC /* TTTiOSSpecs */ = {
			isa = PBXGroup;
			children = (
				00488C1A198A910F008607FC /* TTTiOSSpecs.h */,
				00488C18198A910F008607FC /* Supporting Files */,
			);
			path = TTTiOSSpecs;
			sourceTree = "<group>";
		};
		00488C18198A910F008607FC /* Supporting Files */ = {
			isa = PBXGroup;
			children = (
				00488C19198A910F008607FC /* Info.plist */,
			);
			name = "Supporting Files";
			sourceTree = "<group>";
		};
		00488C32198A9126008607FC /* Products */ = {
			isa = PBXGroup;
			children = (
				00488C37198A9126008607FC /* Swiftest.framework */,
				00488C39198A9126008607FC /* SwiftestSpecs */,
			);
			name = Products;
			sourceTree = "<group>";
		};
		00488C3E198A9132008607FC /* Frameworks */ = {
			isa = PBXGroup;
			children = (
				00488C3F198A9132008607FC /* Swiftest.framework */,
			);
			name = Frameworks;
			sourceTree = "<group>";
		};
		00488C41198A9132008607FC /* Specs */ = {
			isa = PBXGroup;
			children = (
				00488C42198A9132008607FC /* Support */,
				00488C48198A9148008607FC /* MenuSpec.swift */,
				00488C4A198A9188008607FC /* Menu.swift */,
			);
			path = Specs;
			sourceTree = "<group>";
		};
		00488C42198A9132008607FC /* Support */ = {
			isa = PBXGroup;
			children = (
				00488C43198A9132008607FC /* main.swift */,
			);
			name = Support;
			sourceTree = "<group>";
		};
/* End PBXGroup section */

/* Begin PBXHeadersBuildPhase section */
		00488C12198A910F008607FC /* Headers */ = {
			isa = PBXHeadersBuildPhase;
			buildActionMask = 2147483647;
			files = (
				00488C1B198A910F008607FC /* TTTiOSSpecs.h in Headers */,
			);
			runOnlyForDeploymentPostprocessing = 0;
		};
/* End PBXHeadersBuildPhase section */

/* Begin PBXNativeTarget section */
		00488C14198A910F008607FC /* TTTiOSSpecs */ = {
			isa = PBXNativeTarget;
			buildConfigurationList = 00488C2B198A910F008607FC /* Build configuration list for PBXNativeTarget "TTTiOSSpecs" */;
			buildPhases = (
				00488C10198A910F008607FC /* Sources */,
				00488C11198A910F008607FC /* Frameworks */,
				00488C12198A910F008607FC /* Headers */,
				00488C13198A910F008607FC /* Resources */,
			);
			buildRules = (
			);
			dependencies = (
			);
			name = TTTiOSSpecs;
			productName = TTTiOSSpecs;
			productReference = 00488C15198A910F008607FC /* TTTiOSSpecs.framework */;
			productType = "com.apple.product-type.framework";
		};
		00488C1F198A910F008607FC /* TTTiOSSpecsTests */ = {
			isa = PBXNativeTarget;
			buildConfigurationList = 00488C2E198A910F008607FC /* Build configuration list for PBXNativeTarget "TTTiOSSpecsTests" */;
			buildPhases = (
				00488C1C198A910F008607FC /* Sources */,
				00488C1D198A910F008607FC /* Frameworks */,
				00488C1E198A910F008607FC /* Resources */,
			);
			buildRules = (
			);
			dependencies = (
				00488C23198A910F008607FC /* PBXTargetDependency */,
			);
			name = TTTiOSSpecsTests;
			productName = TTTiOSSpecsTests;
			productReference = 00488C20198A910F008607FC /* TTTiOSSpecsTests.xctest */;
			productType = "com.apple.product-type.bundle.unit-test";
		};
		00488C3C198A9132008607FC /* Specs */ = {
			isa = PBXNativeTarget;
			buildConfigurationList = 00488C45198A9132008607FC /* Build configuration list for PBXNativeTarget "Specs" */;
			buildPhases = (
				00488C3A198A9132008607FC /* Sources */,
				00488C3B198A9132008607FC /* Frameworks */,
			);
			buildRules = (
			);
			dependencies = (
			);
			name = Specs;
			productName = Specs;
			productReference = 00488C3D198A9132008607FC /* Specs */;
			productType = "com.apple.product-type.tool";
		};
/* End PBXNativeTarget section */

/* Begin PBXProject section */
		00488C0C198A910F008607FC /* Project object */ = {
			isa = PBXProject;
			attributes = {
				LastUpgradeCheck = 0600;
				ORGANIZATIONNAME = "Alex Hill";
				TargetAttributes = {
					00488C14198A910F008607FC = {
						CreatedOnToolsVersion = 6.0;
					};
					00488C1F198A910F008607FC = {
						CreatedOnToolsVersion = 6.0;
						TestTargetID = 00488C14198A910F008607FC;
					};
					00488C3C198A9132008607FC = {
						CreatedOnToolsVersion = 6.0;
					};
				};
			};
			buildConfigurationList = 00488C0F198A910F008607FC /* Build configuration list for PBXProject "TTTiOSSpecs" */;
			compatibilityVersion = "Xcode 3.2";
			developmentRegion = English;
			hasScannedForEncodings = 0;
			knownRegions = (
				en,
			);
			mainGroup = 00488C0B198A910F008607FC;
			productRefGroup = 00488C16198A910F008607FC /* Products */;
			projectDirPath = "";
			projectReferences = (
				{
					ProductGroup = 00488C32198A9126008607FC /* Products */;
					ProjectRef = 00488C31198A9126008607FC /* Swiftest.xcodeproj */;
				},
			);
			projectRoot = "";
			targets = (
				00488C14198A910F008607FC /* TTTiOSSpecs */,
				00488C1F198A910F008607FC /* TTTiOSSpecsTests */,
				00488C3C198A9132008607FC /* Specs */,
			);
		};
/* End PBXProject section */

/* Begin PBXReferenceProxy section */
		00488C37198A9126008607FC /* Swiftest.framework */ = {
			isa = PBXReferenceProxy;
			fileType = wrapper.framework;
			path = Swiftest.framework;
			remoteRef = 00488C36198A9126008607FC /* PBXContainerItemProxy */;
			sourceTree = BUILT_PRODUCTS_DIR;
		};
		00488C39198A9126008607FC /* SwiftestSpecs */ = {
			isa = PBXReferenceProxy;
			fileType = "compiled.mach-o.executable";
			path = SwiftestSpecs;
			remoteRef = 00488C38198A9126008607FC /* PBXContainerItemProxy */;
			sourceTree = BUILT_PRODUCTS_DIR;
		};
/* End PBXReferenceProxy section */

/* Begin PBXResourcesBuildPhase section */
		00488C13198A910F008607FC /* Resources */ = {
			isa = PBXResourcesBuildPhase;
			buildActionMask = 2147483647;
			files = (
			);
			runOnlyForDeploymentPostprocessing = 0;
		};
		00488C1E198A910F008607FC /* Resources */ = {
			isa = PBXResourcesBuildPhase;
			buildActionMask = 2147483647;
			files = (
			);
			runOnlyForDeploymentPostprocessing = 0;
		};
/* End PBXResourcesBuildPhase section */

/* Begin PBXSourcesBuildPhase section */
		00488C10198A910F008607FC /* Sources */ = {
			isa = PBXSourcesBuildPhase;
			buildActionMask = 2147483647;
			files = (
			);
			runOnlyForDeploymentPostprocessing = 0;
		};
		00488C1C198A910F008607FC /* Sources */ = {
			isa = PBXSourcesBuildPhase;
			buildActionMask = 2147483647;
			files = (
			);
			runOnlyForDeploymentPostprocessing = 0;
		};
		00488C3A198A9132008607FC /* Sources */ = {
			isa = PBXSourcesBuildPhase;
			buildActionMask = 2147483647;
			files = (
				00488C4B198A9188008607FC /* Menu.swift in Sources */,
				00488C49198A9148008607FC /* MenuSpec.swift in Sources */,
				00488C44198A9132008607FC /* main.swift in Sources */,
			);
			runOnlyForDeploymentPostprocessing = 0;
		};
/* End PBXSourcesBuildPhase section */

/* Begin PBXTargetDependency section */
		00488C23198A910F008607FC /* PBXTargetDependency */ = {
			isa = PBXTargetDependency;
			target = 00488C14198A910F008607FC /* TTTiOSSpecs */;
			targetProxy = 00488C22198A910F008607FC /* PBXContainerItemProxy */;
		};
/* End PBXTargetDependency section */

/* Begin XCBuildConfiguration section */
		00488C29198A910F008607FC /* Debug */ = {
			isa = XCBuildConfiguration;
			buildSettings = {
				ALWAYS_SEARCH_USER_PATHS = NO;
				CLANG_CXX_LANGUAGE_STANDARD = "gnu++0x";
				CLANG_CXX_LIBRARY = "libc++";
				CLANG_ENABLE_MODULES = YES;
				CLANG_ENABLE_OBJC_ARC = YES;
				CLANG_WARN_BOOL_CONVERSION = YES;
				CLANG_WARN_CONSTANT_CONVERSION = YES;
				CLANG_WARN_DIRECT_OBJC_ISA_USAGE = YES_ERROR;
				CLANG_WARN_EMPTY_BODY = YES;
				CLANG_WARN_ENUM_CONVERSION = YES;
				CLANG_WARN_INT_CONVERSION = YES;
				CLANG_WARN_OBJC_ROOT_CLASS = YES_ERROR;
				CLANG_WARN_UNREACHABLE_CODE = YES;
				CLANG_WARN__DUPLICATE_METHOD_MATCH = YES;
				COPY_PHASE_STRIP = NO;
				CURRENT_PROJECT_VERSION = 1;
				ENABLE_STRICT_OBJC_MSGSEND = YES;
				GCC_C_LANGUAGE_STANDARD = gnu99;
				GCC_DYNAMIC_NO_PIC = NO;
				GCC_OPTIMIZATION_LEVEL = 0;
				GCC_PREPROCESSOR_DEFINITIONS = (
					"DEBUG=1",
					"$(inherited)",
				);
				GCC_SYMBOLS_PRIVATE_EXTERN = NO;
				GCC_WARN_64_TO_32_BIT_CONVERSION = YES;
				GCC_WARN_ABOUT_RETURN_TYPE = YES_ERROR;
				GCC_WARN_UNDECLARED_SELECTOR = YES;
				GCC_WARN_UNINITIALIZED_AUTOS = YES_AGGRESSIVE;
				GCC_WARN_UNUSED_FUNCTION = YES;
				GCC_WARN_UNUSED_VARIABLE = YES;
				MACOSX_DEPLOYMENT_TARGET = 10.9;
				MTL_ENABLE_DEBUG_INFO = YES;
				ONLY_ACTIVE_ARCH = YES;
				SDKROOT = macosx;
				SWIFT_OPTIMIZATION_LEVEL = "-Onone";
				VERSIONING_SYSTEM = "apple-generic";
				VERSION_INFO_PREFIX = "";
			};
			name = Debug;
		};
		00488C2A198A910F008607FC /* Release */ = {
			isa = XCBuildConfiguration;
			buildSettings = {
				ALWAYS_SEARCH_USER_PATHS = NO;
				CLANG_CXX_LANGUAGE_STANDARD = "gnu++0x";
				CLANG_CXX_LIBRARY = "libc++";
				CLANG_ENABLE_MODULES = YES;
				CLANG_ENABLE_OBJC_ARC = YES;
				CLANG_WARN_BOOL_CONVERSION = YES;
				CLANG_WARN_CONSTANT_CONVERSION = YES;
				CLANG_WARN_DIRECT_OBJC_ISA_USAGE = YES_ERROR;
				CLANG_WARN_EMPTY_BODY = YES;
				CLANG_WARN_ENUM_CONVERSION = YES;
				CLANG_WARN_INT_CONVERSION = YES;
				CLANG_WARN_OBJC_ROOT_CLASS = YES_ERROR;
				CLANG_WARN_UNREACHABLE_CODE = YES;
				CLANG_WARN__DUPLICATE_METHOD_MATCH = YES;
				COPY_PHASE_STRIP = YES;
				CURRENT_PROJECT_VERSION = 1;
				DEBUG_INFORMATION_FORMAT = "dwarf-with-dsym";
				ENABLE_NS_ASSERTIONS = NO;
				ENABLE_STRICT_OBJC_MSGSEND = YES;
				GCC_C_LANGUAGE_STANDARD = gnu99;
				GCC_WARN_64_TO_32_BIT_CONVERSION = YES;
				GCC_WARN_ABOUT_RETURN_TYPE = YES_ERROR;
				GCC_WARN_UNDECLARED_SELECTOR = YES;
				GCC_WARN_UNINITIALIZED_AUTOS = YES_AGGRESSIVE;
				GCC_WARN_UNUSED_FUNCTION = YES;
				GCC_WARN_UNUSED_VARIABLE = YES;
				MACOSX_DEPLOYMENT_TARGET = 10.9;
				MTL_ENABLE_DEBUG_INFO = NO;
				SDKROOT = macosx;
				VERSIONING_SYSTEM = "apple-generic";
				VERSION_INFO_PREFIX = "";
			};
			name = Release;
		};
		00488C2C198A910F008607FC /* Debug */ = {
			isa = XCBuildConfiguration;
			buildSettings = {
				COMBINE_HIDPI_IMAGES = YES;
				DEFINES_MODULE = YES;
				DYLIB_COMPATIBILITY_VERSION = 1;
				DYLIB_CURRENT_VERSION = 1;
				DYLIB_INSTALL_NAME_BASE = "@rpath";
				FRAMEWORK_VERSION = A;
				INFOPLIST_FILE = TTTiOSSpecs/Info.plist;
				INSTALL_PATH = "$(LOCAL_LIBRARY_DIR)/Frameworks";
				LD_RUNPATH_SEARCH_PATHS = "$(inherited) @executable_path/../Frameworks @loader_path/Frameworks";
				PRODUCT_NAME = "$(TARGET_NAME)";
				SKIP_INSTALL = YES;
			};
			name = Debug;
		};
		00488C2D198A910F008607FC /* Release */ = {
			isa = XCBuildConfiguration;
			buildSettings = {
				COMBINE_HIDPI_IMAGES = YES;
				DEFINES_MODULE = YES;
				DYLIB_COMPATIBILITY_VERSION = 1;
				DYLIB_CURRENT_VERSION = 1;
				DYLIB_INSTALL_NAME_BASE = "@rpath";
				FRAMEWORK_VERSION = A;
				INFOPLIST_FILE = TTTiOSSpecs/Info.plist;
				INSTALL_PATH = "$(LOCAL_LIBRARY_DIR)/Frameworks";
				LD_RUNPATH_SEARCH_PATHS = "$(inherited) @executable_path/../Frameworks @loader_path/Frameworks";
				PRODUCT_NAME = "$(TARGET_NAME)";
				SKIP_INSTALL = YES;
			};
			name = Release;
		};
		00488C2F198A910F008607FC /* Debug */ = {
			isa = XCBuildConfiguration;
			buildSettings = {
				COMBINE_HIDPI_IMAGES = YES;
				FRAMEWORK_SEARCH_PATHS = (
					"$(DEVELOPER_FRAMEWORKS_DIR)",
					"$(inherited)",
				);
				GCC_PREPROCESSOR_DEFINITIONS = (
					"DEBUG=1",
					"$(inherited)",
				);
				INFOPLIST_FILE = TTTiOSSpecsTests/Info.plist;
				LD_RUNPATH_SEARCH_PATHS = "$(inherited) @executable_path/../Frameworks @loader_path/../Frameworks";
				PRODUCT_NAME = "$(TARGET_NAME)";
			};
			name = Debug;
		};
		00488C30198A910F008607FC /* Release */ = {
			isa = XCBuildConfiguration;
			buildSettings = {
				COMBINE_HIDPI_IMAGES = YES;
				FRAMEWORK_SEARCH_PATHS = (
					"$(DEVELOPER_FRAMEWORKS_DIR)",
					"$(inherited)",
				);
				INFOPLIST_FILE = TTTiOSSpecsTests/Info.plist;
				LD_RUNPATH_SEARCH_PATHS = "$(inherited) @executable_path/../Frameworks @loader_path/../Frameworks";
				PRODUCT_NAME = "$(TARGET_NAME)";
			};
			name = Release;
		};
		00488C46198A9132008607FC /* Debug */ = {
			isa = XCBuildConfiguration;
			buildSettings = {
				FRAMEWORK_SEARCH_PATHS = (
					"$(inherited)",
					"$(DEVELOPER_FRAMEWORKS_DIR)",
				);
				GCC_PREPROCESSOR_DEFINITIONS = (
					"DEBUG=1",
					"$(inherited)",
				);
				PRODUCT_NAME = "$(TARGET_NAME)";
			};
			name = Debug;
		};
		00488C47198A9132008607FC /* Release */ = {
			isa = XCBuildConfiguration;
			buildSettings = {
				FRAMEWORK_SEARCH_PATHS = (
					"$(inherited)",
					"$(DEVELOPER_FRAMEWORKS_DIR)",
				);
				PRODUCT_NAME = "$(TARGET_NAME)";
			};
			name = Release;
		};
/* End XCBuildConfiguration section */

/* Begin XCConfigurationList section */
		00488C0F198A910F008607FC /* Build configuration list for PBXProject "TTTiOSSpecs" */ = {
			isa = XCConfigurationList;
			buildConfigurations = (
				00488C29198A910F008607FC /* Debug */,
				00488C2A198A910F008607FC /* Release */,
			);
			defaultConfigurationIsVisible = 0;
			defaultConfigurationName = Release;
		};
		00488C2B198A910F008607FC /* Build configuration list for PBXNativeTarget "TTTiOSSpecs" */ = {
			isa = XCConfigurationList;
			buildConfigurations = (
				00488C2C198A910F008607FC /* Debug */,
				00488C2D198A910F008607FC /* Release */,
			);
			defaultConfigurationIsVisible = 0;
			defaultConfigurationName = Release;
		};
		00488C2E198A910F008607FC /* Build configuration list for PBXNativeTarget "TTTiOSSpecsTests" */ = {
			isa = XCConfigurationList;
			buildConfigurations = (
				00488C2F198A910F008607FC /* Debug */,
				00488C30198A910F008607FC /* Release */,
			);
			defaultConfigurationIsVisible = 0;
			defaultConfigurationName = Release;
		};
		00488C45198A9132008607FC /* Build configuration list for PBXNativeTarget "Specs" */ = {
			isa = XCConfigurationList;
			buildConfigurations = (
				00488C46198A9132008607FC /* Debug */,
				00488C47198A9132008607FC /* Release */,
			);
			defaultConfigurationIsVisible = 0;
			defaultConfigurationName = Release;
		};
/* End XCConfigurationList section */
	};
	rootObject = 00488C0C198A910F008607FC /* Project object */;
}
